
Microsoft Visual Studio Solution File, Format Version 12.00
# Visual Studio 15
VisualStudioVersion = 15.0.28307.489
MinimumVisualStudioVersion = 10.0.40219.1
Project("{FAE04EC0-301F-11D3-BF4B-00C04F79EFBC}") = "MusicSharer.Android", "MusicSharer\MusicSharer.Android\MusicSharer.Android.csproj", "{C944C8F8-B7B5-4ADC-BFFB-822DD5E47D39}"
EndProject
Project("{FAE04EC0-301F-11D3-BF4B-00C04F79EFBC}") = "MusicSharer", "MusicSharer\MusicSharer\MusicSharer.csproj", "{EDD0307D-8BB2-4698-8217-1C1AF5C08910}"
EndProject
Project("{FAE04EC0-301F-11D3-BF4B-00C04F79EFBC}") = "MusicSharer.Services", "MusicSharer.Services\MusicSharer.Services.csproj", "{8091BFC8-EC6C-4A1B-8BB8-CEA371004CE8}"
EndProject
Project("{FAE04EC0-301F-11D3-BF4B-00C04F79EFBC}") = "MusicSharer.Common", "MusicSharer.Common\MusicSharer.Common.csproj", "{20DD5849-2FE1-4580-89CE-51D32C484C14}"
EndProject
Project("{FAE04EC0-301F-11D3-BF4B-00C04F79EFBC}") = "MusicSharer.Test", "MusicSharer.Test\MusicSharer.Test.csproj", "{752D2F04-3B21-4D51-B0C0-72359E1E20A2}"
EndProject
Global
	GlobalSection(SolutionConfigurationPlatforms) = preSolution
		Debug|Any CPU = Debug|Any CPU
		Release|Any CPU = Release|Any CPU
	EndGlobalSection
	GlobalSection(ProjectConfigurationPlatforms) = postSolution
		{C944C8F8-B7B5-4ADC-BFFB-822DD5E47D39}.Debug|Any CPU.ActiveCfg = Debug|Any CPU
		{C944C8F8-B7B5-4ADC-BFFB-822DD5E47D39}.Debug|Any CPU.Build.0 = Debug|Any CPU
		{C944C8F8-B7B5-4ADC-BFFB-822DD5E47D39}.Debug|Any CPU.Deploy.0 = Debug|Any CPU
		{C944C8F8-B7B5-4ADC-BFFB-822DD5E47D39}.Release|Any CPU.ActiveCfg = Release|Any CPU
		{C944C8F8-B7B5-4ADC-BFFB-822DD5E47D39}.Release|Any CPU.Build.0 = Release|Any CPU
		{C944C8F8-B7B5-4ADC-BFFB-822DD5E47D39}.Release|Any CPU.Deploy.0 = Release|Any CPU
		{EDD0307D-8BB2-4698-8217-1C1AF5C08910}.Debug|Any CPU.ActiveCfg = Debug|Any CPU
		{EDD0307D-8BB2-4698-8217-1C1AF5C08910}.Debug|Any CPU.Build.0 = Debug|Any CPU
		{EDD0307D-8BB2-4698-8217-1C1AF5C08910}.Debug|Any CPU.Deploy.0 = Debug|Any CPU
		{EDD0307D-8BB2-4698-8217-1C1AF5C08910}.Release|Any CPU.ActiveCfg = Release|Any CPU
		{EDD0307D-8BB2-4698-8217-1C1AF5C08910}.Release|Any CPU.Build.0 = Release|Any CPU
		{EDD0307D-8BB2-4698-8217-1C1AF5C08910}.Release|Any CPU.Deploy.0 = Release|Any CPU
		{8091BFC8-EC6C-4A1B-8BB8-CEA371004CE8}.Debug|Any CPU.ActiveCfg = Debug|Any CPU
		{8091BFC8-EC6C-4A1B-8BB8-CEA371004CE8}.Debug|Any CPU.Build.0 = Debug|Any CPU
		{8091BFC8-EC6C-4A1B-8BB8-CEA371004CE8}.Release|Any CPU.ActiveCfg = Release|Any CPU
		{8091BFC8-EC6C-4A1B-8BB8-CEA371004CE8}.Release|Any CPU.Build.0 = Release|Any CPU
		{20DD5849-2FE1-4580-89CE-51D32C484C14}.Debug|Any CPU.ActiveCfg = Debug|Any CPU
		{20DD5849-2FE1-4580-89CE-51D32C484C14}.Debug|Any CPU.Build.0 = Debug|Any CPU
		{20DD5849-2FE1-4580-89CE-51D32C484C14}.Release|Any CPU.ActiveCfg = Release|Any CPU
		{20DD5849-2FE1-4580-89CE-51D32C484C14}.Release|Any CPU.Build.0 = Release|Any CPU
		{752D2F04-3B21-4D51-B0C0-72359E1E20A2}.Debug|Any CPU.ActiveCfg = Debug|Any CPU
		{752D2F04-3B21-4D51-B0C0-72359E1E20A2}.Debug|Any CPU.Build.0 = Debug|Any CPU
		{752D2F04-3B21-4D51-B0C0-72359E1E20A2}.Release|Any CPU.ActiveCfg = Release|Any CPU
		{752D2F04-3B21-4D51-B0C0-72359E1E20A2}.Release|Any CPU.Build.0 = Release|Any CPU
	EndGlobalSection
	GlobalSection(SolutionProperties) = preSolution
		HideSolutionNode = FALSE
	EndGlobalSection
	GlobalSection(ExtensibilityGlobals) = postSolution
		SolutionGuid = {5417332A-ED7E-4E34-A458-605E6CADD959}
	EndGlobalSection
EndGlobal
